// !$*UTF8*$!
{
	archiveVersion = 1;
	classes = {
	};
	objectVersion = 46;
	objects = {

/* Begin PBXBuildFile section */
		C92FFCC719FB3B0900C02B55 /* ListsViewController.swift in Sources */ = {isa = PBXBuildFile; fileRef = C92FFCC619FB3B0900C02B55 /* ListsViewController.swift */; };
		C92FFCC919FC960300C02B55 /* List.swift in Sources */ = {isa = PBXBuildFile; fileRef = C92FFCC819FC960300C02B55 /* List.swift */; };
		C92FFCCC19FD995F00C02B55 /* ListCell.swift in Sources */ = {isa = PBXBuildFile; fileRef = C92FFCCB19FD995F00C02B55 /* ListCell.swift */; };
		C92FFCCF19FDC43F00C02B55 /* ImageHelper.swift in Sources */ = {isa = PBXBuildFile; fileRef = C92FFCCE19FDC43F00C02B55 /* ImageHelper.swift */; };
		C92FFCD51A070FBA00C02B55 /* AddListViewController.swift in Sources */ = {isa = PBXBuildFile; fileRef = C92FFCD41A070FBA00C02B55 /* AddListViewController.swift */; };
		C92FFCD91A07EE3400C02B55 /* ListViewController.swift in Sources */ = {isa = PBXBuildFile; fileRef = C92FFCD81A07EE3400C02B55 /* ListViewController.swift */; };
		C939CF1E1A08622E00832C17 /* ListItem.swift in Sources */ = {isa = PBXBuildFile; fileRef = C939CF1D1A08622E00832C17 /* ListItem.swift */; };
		C939CF201A08635000832C17 /* ListItemCell.swift in Sources */ = {isa = PBXBuildFile; fileRef = C939CF1F1A08635000832C17 /* ListItemCell.swift */; };
		C93DA80B1A0EF206002764F9 /* Bukkit.swift in Sources */ = {isa = PBXBuildFile; fileRef = C93DA80A1A0EF206002764F9 /* Bukkit.swift */; };
		C98C0DCD19EA062A00D7E2B8 /* AppDelegate.swift in Sources */ = {isa = PBXBuildFile; fileRef = C98C0DCC19EA062A00D7E2B8 /* AppDelegate.swift */; };
		C98C0DD219EA062A00D7E2B8 /* Main.storyboard in Resources */ = {isa = PBXBuildFile; fileRef = C98C0DD019EA062A00D7E2B8 /* Main.storyboard */; };
		C98C0DD419EA062A00D7E2B8 /* Images.xcassets in Resources */ = {isa = PBXBuildFile; fileRef = C98C0DD319EA062A00D7E2B8 /* Images.xcassets */; };
		C98C0DD719EA062A00D7E2B8 /* LaunchScreen.xib in Resources */ = {isa = PBXBuildFile; fileRef = C98C0DD519EA062A00D7E2B8 /* LaunchScreen.xib */; };
		C98C0DE319EA062A00D7E2B8 /* bukkit_swiftTests.swift in Sources */ = {isa = PBXBuildFile; fileRef = C98C0DE219EA062A00D7E2B8 /* bukkit_swiftTests.swift */; };
		C98C0DEE19EA0F9600D7E2B8 /* User.swift in Sources */ = {isa = PBXBuildFile; fileRef = C98C0DED19EA0F9600D7E2B8 /* User.swift */; };
		C98C0DF319EB5A0500D7E2B8 /* DictionaryExtension.swift in Sources */ = {isa = PBXBuildFile; fileRef = C98C0DF219EB5A0500D7E2B8 /* DictionaryExtension.swift */; };
		C9CD586719EE019600D89200 /* Router.swift in Sources */ = {isa = PBXBuildFile; fileRef = C9CD586619EE019600D89200 /* Router.swift */; };
		C9F2062719ECBCDA00A73360 /* Alamofire.framework in Copy Frameworks */ = {isa = PBXBuildFile; fileRef = C9F2061719ECBC6A00A73360 /* Alamofire.framework */; settings = {ATTRIBUTES = (CodeSignOnCopy, RemoveHeadersOnCopy, ); }; };
		C9F2062819ECBCE000A73360 /* SwiftyJSON.framework in Copy Frameworks */ = {isa = PBXBuildFile; fileRef = C9F2062019ECBC7800A73360 /* SwiftyJSON.framework */; settings = {ATTRIBUTES = (CodeSignOnCopy, RemoveHeadersOnCopy, ); }; };
/* End PBXBuildFile section */

/* Begin PBXContainerItemProxy section */
		C98C0DDD19EA062A00D7E2B8 /* PBXContainerItemProxy */ = {
			isa = PBXContainerItemProxy;
			containerPortal = C98C0DBF19EA062A00D7E2B8 /* Project object */;
			proxyType = 1;
			remoteGlobalIDString = C98C0DC619EA062A00D7E2B8;
			remoteInfo = "bukkit-swift";
		};
		C9F2061619ECBC6A00A73360 /* PBXContainerItemProxy */ = {
			isa = PBXContainerItemProxy;
			containerPortal = C9F2061119ECBC6A00A73360 /* Alamofire.xcodeproj */;
			proxyType = 2;
			remoteGlobalIDString = F8111E3319A95C8B0040E7D1;
			remoteInfo = Alamofire;
		};
		C9F2061819ECBC6A00A73360 /* PBXContainerItemProxy */ = {
			isa = PBXContainerItemProxy;
			containerPortal = C9F2061119ECBC6A00A73360 /* Alamofire.xcodeproj */;
			proxyType = 2;
			remoteGlobalIDString = F8111E3E19A95C8B0040E7D1;
			remoteInfo = AlamofireTests;
		};
		C9F2061F19ECBC7800A73360 /* PBXContainerItemProxy */ = {
			isa = PBXContainerItemProxy;
			containerPortal = C9F2061A19ECBC7800A73360 /* SwiftyJSON.xcodeproj */;
			proxyType = 2;
			remoteGlobalIDString = 2E4FEFDB19575BE100351305;
			remoteInfo = SwiftyJSON;
		};
		C9F2062119ECBC7800A73360 /* PBXContainerItemProxy */ = {
			isa = PBXContainerItemProxy;
			containerPortal = C9F2061A19ECBC7800A73360 /* SwiftyJSON.xcodeproj */;
			proxyType = 2;
			remoteGlobalIDString = 2E4FEFE619575BE100351305;
			remoteInfo = SwiftyJSONTests;
		};
		C9F2062319ECBCAB00A73360 /* PBXContainerItemProxy */ = {
			isa = PBXContainerItemProxy;
			containerPortal = C9F2061119ECBC6A00A73360 /* Alamofire.xcodeproj */;
			proxyType = 1;
			remoteGlobalIDString = F8111E3219A95C8B0040E7D1;
			remoteInfo = Alamofire;
		};
		C9F2062519ECBCAF00A73360 /* PBXContainerItemProxy */ = {
			isa = PBXContainerItemProxy;
			containerPortal = C9F2061A19ECBC7800A73360 /* SwiftyJSON.xcodeproj */;
			proxyType = 1;
			remoteGlobalIDString = 2E4FEFDA19575BE100351305;
			remoteInfo = SwiftyJSON;
		};
/* End PBXContainerItemProxy section */

/* Begin PBXCopyFilesBuildPhase section */
		C9A76FA119EC6CAD00A51418 /* Copy Frameworks */ = {
			isa = PBXCopyFilesBuildPhase;
			buildActionMask = 12;
			dstPath = "";
			dstSubfolderSpec = 10;
			files = (
				C9F2062819ECBCE000A73360 /* SwiftyJSON.framework in Copy Frameworks */,
				C9F2062719ECBCDA00A73360 /* Alamofire.framework in Copy Frameworks */,
			);
			name = "Copy Frameworks";
			runOnlyForDeploymentPostprocessing = 0;
		};
/* End PBXCopyFilesBuildPhase section */

/* Begin PBXFileReference section */
		C92FFCC619FB3B0900C02B55 /* ListsViewController.swift */ = {isa = PBXFileReference; fileEncoding = 4; lastKnownFileType = sourcecode.swift; path = ListsViewController.swift; sourceTree = "<group>"; };
		C92FFCC819FC960300C02B55 /* List.swift */ = {isa = PBXFileReference; fileEncoding = 4; lastKnownFileType = sourcecode.swift; path = List.swift; sourceTree = "<group>"; };
		C92FFCCB19FD995F00C02B55 /* ListCell.swift */ = {isa = PBXFileReference; fileEncoding = 4; lastKnownFileType = sourcecode.swift; path = ListCell.swift; sourceTree = "<group>"; };
		C92FFCCE19FDC43F00C02B55 /* ImageHelper.swift */ = {isa = PBXFileReference; fileEncoding = 4; lastKnownFileType = sourcecode.swift; path = ImageHelper.swift; sourceTree = "<group>"; };
		C92FFCD41A070FBA00C02B55 /* AddListViewController.swift */ = {isa = PBXFileReference; fileEncoding = 4; lastKnownFileType = sourcecode.swift; path = AddListViewController.swift; sourceTree = "<group>"; };
		C92FFCD81A07EE3400C02B55 /* ListViewController.swift */ = {isa = PBXFileReference; fileEncoding = 4; lastKnownFileType = sourcecode.swift; path = ListViewController.swift; sourceTree = "<group>"; };
		C939CF1D1A08622E00832C17 /* ListItem.swift */ = {isa = PBXFileReference; fileEncoding = 4; lastKnownFileType = sourcecode.swift; path = ListItem.swift; sourceTree = "<group>"; };
		C939CF1F1A08635000832C17 /* ListItemCell.swift */ = {isa = PBXFileReference; fileEncoding = 4; lastKnownFileType = sourcecode.swift; path = ListItemCell.swift; sourceTree = "<group>"; };
		C93DA80A1A0EF206002764F9 /* Bukkit.swift */ = {isa = PBXFileReference; fileEncoding = 4; lastKnownFileType = sourcecode.swift; path = Bukkit.swift; sourceTree = "<group>"; };
		C98C0DC719EA062A00D7E2B8 /* bukkit-swift.app */ = {isa = PBXFileReference; explicitFileType = wrapper.application; includeInIndex = 0; path = "bukkit-swift.app"; sourceTree = BUILT_PRODUCTS_DIR; };
		C98C0DCB19EA062A00D7E2B8 /* Info.plist */ = {isa = PBXFileReference; lastKnownFileType = text.plist.xml; path = Info.plist; sourceTree = "<group>"; };
		C98C0DCC19EA062A00D7E2B8 /* AppDelegate.swift */ = {isa = PBXFileReference; lastKnownFileType = sourcecode.swift; path = AppDelegate.swift; sourceTree = "<group>"; };
		C98C0DD119EA062A00D7E2B8 /* Base */ = {isa = PBXFileReference; lastKnownFileType = file.storyboard; name = Base; path = Base.lproj/Main.storyboard; sourceTree = "<group>"; };
		C98C0DD319EA062A00D7E2B8 /* Images.xcassets */ = {isa = PBXFileReference; lastKnownFileType = folder.assetcatalog; path = Images.xcassets; sourceTree = "<group>"; };
		C98C0DD619EA062A00D7E2B8 /* Base */ = {isa = PBXFileReference; lastKnownFileType = file.xib; name = Base; path = Base.lproj/LaunchScreen.xib; sourceTree = "<group>"; };
		C98C0DDC19EA062A00D7E2B8 /* bukkit-swiftTests.xctest */ = {isa = PBXFileReference; explicitFileType = wrapper.cfbundle; includeInIndex = 0; path = "bukkit-swiftTests.xctest"; sourceTree = BUILT_PRODUCTS_DIR; };
		C98C0DE119EA062A00D7E2B8 /* Info.plist */ = {isa = PBXFileReference; lastKnownFileType = text.plist.xml; path = Info.plist; sourceTree = "<group>"; };
		C98C0DE219EA062A00D7E2B8 /* bukkit_swiftTests.swift */ = {isa = PBXFileReference; lastKnownFileType = sourcecode.swift; path = bukkit_swiftTests.swift; sourceTree = "<group>"; };
		C98C0DED19EA0F9600D7E2B8 /* User.swift */ = {isa = PBXFileReference; fileEncoding = 4; lastKnownFileType = sourcecode.swift; path = User.swift; sourceTree = "<group>"; };
		C98C0DF219EB5A0500D7E2B8 /* DictionaryExtension.swift */ = {isa = PBXFileReference; fileEncoding = 4; lastKnownFileType = sourcecode.swift; path = DictionaryExtension.swift; sourceTree = "<group>"; };
		C9CD586619EE019600D89200 /* Router.swift */ = {isa = PBXFileReference; fileEncoding = 4; lastKnownFileType = sourcecode.swift; path = Router.swift; sourceTree = "<group>"; };
		C9F2061119ECBC6A00A73360 /* Alamofire.xcodeproj */ = {isa = PBXFileReference; lastKnownFileType = "wrapper.pb-project"; name = Alamofire.xcodeproj; path = Alamofire/Alamofire.xcodeproj; sourceTree = "<group>"; };
		C9F2061A19ECBC7800A73360 /* SwiftyJSON.xcodeproj */ = {isa = PBXFileReference; lastKnownFileType = "wrapper.pb-project"; name = SwiftyJSON.xcodeproj; path = SwiftyJSON/SwiftyJSON.xcodeproj; sourceTree = "<group>"; };
/* End PBXFileReference section */

/* Begin PBXFrameworksBuildPhase section */
		C98C0DC419EA062A00D7E2B8 /* Frameworks */ = {
			isa = PBXFrameworksBuildPhase;
			buildActionMask = 2147483647;
			files = (
			);
			runOnlyForDeploymentPostprocessing = 0;
		};
		C98C0DD919EA062A00D7E2B8 /* Frameworks */ = {
			isa = PBXFrameworksBuildPhase;
			buildActionMask = 2147483647;
			files = (
			);
			runOnlyForDeploymentPostprocessing = 0;
		};
/* End PBXFrameworksBuildPhase section */

/* Begin PBXGroup section */
		C92FFCC319FB3AE600C02B55 /* controllers */ = {
			isa = PBXGroup;
			children = (
				C92FFCC619FB3B0900C02B55 /* ListsViewController.swift */,
				C92FFCD41A070FBA00C02B55 /* AddListViewController.swift */,
				C92FFCD81A07EE3400C02B55 /* ListViewController.swift */,
			);
			name = controllers;
			sourceTree = "<group>";
		};
		C92FFCCA19FD993000C02B55 /* views */ = {
			isa = PBXGroup;
			children = (
				C92FFCCB19FD995F00C02B55 /* ListCell.swift */,
				C939CF1F1A08635000832C17 /* ListItemCell.swift */,
			);
			name = views;
			sourceTree = "<group>";
		};
		C92FFCCD19FDC42D00C02B55 /* helpers */ = {
			isa = PBXGroup;
			children = (
				C92FFCCE19FDC43F00C02B55 /* ImageHelper.swift */,
				C93DA80A1A0EF206002764F9 /* Bukkit.swift */,
			);
			name = helpers;
			sourceTree = "<group>";
		};
		C93DA80E1A1023D5002764F9 /* services */ = {
			isa = PBXGroup;
			children = (
			);
			name = services;
			sourceTree = "<group>";
		};
		C98C0DBE19EA062A00D7E2B8 = {
			isa = PBXGroup;
			children = (
				C98C0DC919EA062A00D7E2B8 /* bukkit-swift */,
				C98C0DDF19EA062A00D7E2B8 /* bukkit-swiftTests */,
				C98C0DC819EA062A00D7E2B8 /* Products */,
				C9F2061119ECBC6A00A73360 /* Alamofire.xcodeproj */,
				C9F2061A19ECBC7800A73360 /* SwiftyJSON.xcodeproj */,
			);
			sourceTree = "<group>";
		};
		C98C0DC819EA062A00D7E2B8 /* Products */ = {
			isa = PBXGroup;
			children = (
				C98C0DC719EA062A00D7E2B8 /* bukkit-swift.app */,
				C98C0DDC19EA062A00D7E2B8 /* bukkit-swiftTests.xctest */,
			);
			name = Products;
			sourceTree = "<group>";
		};
		C98C0DC919EA062A00D7E2B8 /* bukkit-swift */ = {
			isa = PBXGroup;
			children = (
				C98C0DD019EA062A00D7E2B8 /* Main.storyboard */,
				C92FFCC319FB3AE600C02B55 /* controllers */,
				C98C0DEC19EA0F5300D7E2B8 /* models */,
				C92FFCCD19FDC42D00C02B55 /* helpers */,
				C93DA80E1A1023D5002764F9 /* services */,
				C92FFCCA19FD993000C02B55 /* views */,
				C9CD586619EE019600D89200 /* Router.swift */,
				C98C0DCC19EA062A00D7E2B8 /* AppDelegate.swift */,
				C98C0DD319EA062A00D7E2B8 /* Images.xcassets */,
				C98C0DD519EA062A00D7E2B8 /* LaunchScreen.xib */,
				C98C0DF119EB59E100D7E2B8 /* extensions */,
				C98C0DCA19EA062A00D7E2B8 /* Supporting Files */,
			);
			path = "bukkit-swift";
			sourceTree = "<group>";
		};
		C98C0DCA19EA062A00D7E2B8 /* Supporting Files */ = {
			isa = PBXGroup;
			children = (
				C98C0DCB19EA062A00D7E2B8 /* Info.plist */,
			);
			name = "Supporting Files";
			sourceTree = "<group>";
		};
		C98C0DDF19EA062A00D7E2B8 /* bukkit-swiftTests */ = {
			isa = PBXGroup;
			children = (
				C98C0DE219EA062A00D7E2B8 /* bukkit_swiftTests.swift */,
				C98C0DE019EA062A00D7E2B8 /* Supporting Files */,
			);
			path = "bukkit-swiftTests";
			sourceTree = "<group>";
		};
		C98C0DE019EA062A00D7E2B8 /* Supporting Files */ = {
			isa = PBXGroup;
			children = (
				C98C0DE119EA062A00D7E2B8 /* Info.plist */,
			);
			name = "Supporting Files";
			sourceTree = "<group>";
		};
		C98C0DEC19EA0F5300D7E2B8 /* models */ = {
			isa = PBXGroup;
			children = (
				C98C0DED19EA0F9600D7E2B8 /* User.swift */,
				C92FFCC819FC960300C02B55 /* List.swift */,
				C939CF1D1A08622E00832C17 /* ListItem.swift */,
			);
			name = models;
			sourceTree = "<group>";
		};
		C98C0DF119EB59E100D7E2B8 /* extensions */ = {
			isa = PBXGroup;
			children = (
				C98C0DF219EB5A0500D7E2B8 /* DictionaryExtension.swift */,
			);
			name = extensions;
			sourceTree = "<group>";
		};
		C9F2061219ECBC6A00A73360 /* Products */ = {
			isa = PBXGroup;
			children = (
				C9F2061719ECBC6A00A73360 /* Alamofire.framework */,
				C9F2061919ECBC6A00A73360 /* AlamofireTests.xctest */,
			);
			name = Products;
			sourceTree = "<group>";
		};
		C9F2061B19ECBC7800A73360 /* Products */ = {
			isa = PBXGroup;
			children = (
				C9F2062019ECBC7800A73360 /* SwiftyJSON.framework */,
				C9F2062219ECBC7800A73360 /* SwiftyJSONTests.xctest */,
			);
			name = Products;
			sourceTree = "<group>";
		};
/* End PBXGroup section */

/* Begin PBXNativeTarget section */
		C98C0DC619EA062A00D7E2B8 /* bukkit-swift */ = {
			isa = PBXNativeTarget;
			buildConfigurationList = C98C0DE619EA062A00D7E2B8 /* Build configuration list for PBXNativeTarget "bukkit-swift" */;
			buildPhases = (
				C98C0DC319EA062A00D7E2B8 /* Sources */,
				C98C0DC419EA062A00D7E2B8 /* Frameworks */,
				C98C0DC519EA062A00D7E2B8 /* Resources */,
				C9A76FA119EC6CAD00A51418 /* Copy Frameworks */,
			);
			buildRules = (
			);
			dependencies = (
				C9F2062619ECBCAF00A73360 /* PBXTargetDependency */,
				C9F2062419ECBCAB00A73360 /* PBXTargetDependency */,
			);
			name = "bukkit-swift";
			productName = "bukkit-swift";
			productReference = C98C0DC719EA062A00D7E2B8 /* bukkit-swift.app */;
			productType = "com.apple.product-type.application";
		};
		C98C0DDB19EA062A00D7E2B8 /* bukkit-swiftTests */ = {
			isa = PBXNativeTarget;
			buildConfigurationList = C98C0DE919EA062A00D7E2B8 /* Build configuration list for PBXNativeTarget "bukkit-swiftTests" */;
			buildPhases = (
				C98C0DD819EA062A00D7E2B8 /* Sources */,
				C98C0DD919EA062A00D7E2B8 /* Frameworks */,
				C98C0DDA19EA062A00D7E2B8 /* Resources */,
			);
			buildRules = (
			);
			dependencies = (
				C98C0DDE19EA062A00D7E2B8 /* PBXTargetDependency */,
			);
			name = "bukkit-swiftTests";
			productName = "bukkit-swiftTests";
			productReference = C98C0DDC19EA062A00D7E2B8 /* bukkit-swiftTests.xctest */;
			productType = "com.apple.product-type.bundle.unit-test";
		};
/* End PBXNativeTarget section */

/* Begin PBXProject section */
		C98C0DBF19EA062A00D7E2B8 /* Project object */ = {
			isa = PBXProject;
			attributes = {
				LastUpgradeCheck = 0600;
				ORGANIZATIONNAME = Bukkit;
				TargetAttributes = {
					C98C0DC619EA062A00D7E2B8 = {
						CreatedOnToolsVersion = 6.0.1;
					};
					C98C0DDB19EA062A00D7E2B8 = {
						CreatedOnToolsVersion = 6.0.1;
						TestTargetID = C98C0DC619EA062A00D7E2B8;
					};
				};
			};
			buildConfigurationList = C98C0DC219EA062A00D7E2B8 /* Build configuration list for PBXProject "bukkit-swift" */;
			compatibilityVersion = "Xcode 3.2";
			developmentRegion = English;
			hasScannedForEncodings = 0;
			knownRegions = (
				en,
				Base,
			);
			mainGroup = C98C0DBE19EA062A00D7E2B8;
			productRefGroup = C98C0DC819EA062A00D7E2B8 /* Products */;
			projectDirPath = "";
			projectReferences = (
				{
					ProductGroup = C9F2061219ECBC6A00A73360 /* Products */;
					ProjectRef = C9F2061119ECBC6A00A73360 /* Alamofire.xcodeproj */;
				},
				{
					ProductGroup = C9F2061B19ECBC7800A73360 /* Products */;
					ProjectRef = C9F2061A19ECBC7800A73360 /* SwiftyJSON.xcodeproj */;
				},
			);
			projectRoot = "";
			targets = (
				C98C0DC619EA062A00D7E2B8 /* bukkit-swift */,
				C98C0DDB19EA062A00D7E2B8 /* bukkit-swiftTests */,
			);
		};
/* End PBXProject section */

/* Begin PBXReferenceProxy section */
		C9F2061719ECBC6A00A73360 /* Alamofire.framework */ = {
			isa = PBXReferenceProxy;
			fileType = wrapper.framework;
			path = Alamofire.framework;
			remoteRef = C9F2061619ECBC6A00A73360 /* PBXContainerItemProxy */;
			sourceTree = BUILT_PRODUCTS_DIR;
		};
		C9F2061919ECBC6A00A73360 /* AlamofireTests.xctest */ = {
			isa = PBXReferenceProxy;
			fileType = wrapper.cfbundle;
			path = AlamofireTests.xctest;
			remoteRef = C9F2061819ECBC6A00A73360 /* PBXContainerItemProxy */;
			sourceTree = BUILT_PRODUCTS_DIR;
		};
		C9F2062019ECBC7800A73360 /* SwiftyJSON.framework */ = {
			isa = PBXReferenceProxy;
			fileType = wrapper.framework;
			path = SwiftyJSON.framework;
			remoteRef = C9F2061F19ECBC7800A73360 /* PBXContainerItemProxy */;
			sourceTree = BUILT_PRODUCTS_DIR;
		};
		C9F2062219ECBC7800A73360 /* SwiftyJSONTests.xctest */ = {
			isa = PBXReferenceProxy;
			fileType = wrapper.cfbundle;
			path = SwiftyJSONTests.xctest;
			remoteRef = C9F2062119ECBC7800A73360 /* PBXContainerItemProxy */;
			sourceTree = BUILT_PRODUCTS_DIR;
		};
/* End PBXReferenceProxy section */

/* Begin PBXResourcesBuildPhase section */
		C98C0DC519EA062A00D7E2B8 /* Resources */ = {
			isa = PBXResourcesBuildPhase;
			buildActionMask = 2147483647;
			files = (
				C98C0DD219EA062A00D7E2B8 /* Main.storyboard in Resources */,
				C98C0DD719EA062A00D7E2B8 /* LaunchScreen.xib in Resources */,
				C98C0DD419EA062A00D7E2B8 /* Images.xcassets in Resources */,
			);
			runOnlyForDeploymentPostprocessing = 0;
		};
		C98C0DDA19EA062A00D7E2B8 /* Resources */ = {
			isa = PBXResourcesBuildPhase;
			buildActionMask = 2147483647;
			files = (
			);
			runOnlyForDeploymentPostprocessing = 0;
		};
/* End PBXResourcesBuildPhase section */

/* Begin PBXSourcesBuildPhase section */
		C98C0DC319EA062A00D7E2B8 /* Sources */ = {
			isa = PBXSourcesBuildPhase;
			buildActionMask = 2147483647;
			files = (
				C92FFCD51A070FBA00C02B55 /* AddListViewController.swift in Sources */,
				C9CD586719EE019600D89200 /* Router.swift in Sources */,
				C92FFCCF19FDC43F00C02B55 /* ImageHelper.swift in Sources */,
				C98C0DCD19EA062A00D7E2B8 /* AppDelegate.swift in Sources */,
				C939CF1E1A08622E00832C17 /* ListItem.swift in Sources */,
				C92FFCD91A07EE3400C02B55 /* ListViewController.swift in Sources */,
				C98C0DEE19EA0F9600D7E2B8 /* User.swift in Sources */,
				C92FFCC719FB3B0900C02B55 /* ListsViewController.swift in Sources */,
				C939CF201A08635000832C17 /* ListItemCell.swift in Sources */,
				C92FFCCC19FD995F00C02B55 /* ListCell.swift in Sources */,
				C98C0DF319EB5A0500D7E2B8 /* DictionaryExtension.swift in Sources */,
				C92FFCC919FC960300C02B55 /* List.swift in Sources */,
				C93DA80B1A0EF206002764F9 /* Bukkit.swift in Sources */,
			);
			runOnlyForDeploymentPostprocessing = 0;
		};
		C98C0DD819EA062A00D7E2B8 /* Sources */ = {
			isa = PBXSourcesBuildPhase;
			buildActionMask = 2147483647;
			files = (
				C98C0DE319EA062A00D7E2B8 /* bukkit_swiftTests.swift in Sources */,
			);
			runOnlyForDeploymentPostprocessing = 0;
		};
/* End PBXSourcesBuildPhase section */

/* Begin PBXTargetDependency section */
		C98C0DDE19EA062A00D7E2B8 /* PBXTargetDependency */ = {
			isa = PBXTargetDependency;
			target = C98C0DC619EA062A00D7E2B8 /* bukkit-swift */;
			targetProxy = C98C0DDD19EA062A00D7E2B8 /* PBXContainerItemProxy */;
		};
		C9F2062419ECBCAB00A73360 /* PBXTargetDependency */ = {
			isa = PBXTargetDependency;
			name = Alamofire;
			targetProxy = C9F2062319ECBCAB00A73360 /* PBXContainerItemProxy */;
		};
		C9F2062619ECBCAF00A73360 /* PBXTargetDependency */ = {
			isa = PBXTargetDependency;
			name = SwiftyJSON;
			targetProxy = C9F2062519ECBCAF00A73360 /* PBXContainerItemProxy */;
		};
/* End PBXTargetDependency section */

/* Begin PBXVariantGroup section */
		C98C0DD019EA062A00D7E2B8 /* Main.storyboard */ = {
			isa = PBXVariantGroup;
			children = (
				C98C0DD119EA062A00D7E2B8 /* Base */,
			);
			name = Main.storyboard;
			sourceTree = "<group>";
		};
		C98C0DD519EA062A00D7E2B8 /* LaunchScreen.xib */ = {
			isa = PBXVariantGroup;
			children = (
				C98C0DD619EA062A00D7E2B8 /* Base */,
			);
			name = LaunchScreen.xib;
			sourceTree = "<group>";
		};
/* End PBXVariantGroup section */

/* Begin XCBuildConfiguration section */
		C98C0DE419EA062A00D7E2B8 /* Debug */ = {
			isa = XCBuildConfiguration;
			buildSettings = {
				ALWAYS_SEARCH_USER_PATHS = NO;
				CLANG_CXX_LANGUAGE_STANDARD = "gnu++0x";
				CLANG_CXX_LIBRARY = "libc++";
				CLANG_ENABLE_MODULES = YES;
				CLANG_ENABLE_OBJC_ARC = YES;
				CLANG_WARN_BOOL_CONVERSION = YES;
				CLANG_WARN_CONSTANT_CONVERSION = YES;
				CLANG_WARN_DIRECT_OBJC_ISA_USAGE = YES_ERROR;
				CLANG_WARN_EMPTY_BODY = YES;
				CLANG_WARN_ENUM_CONVERSION = YES;
				CLANG_WARN_INT_CONVERSION = YES;
				CLANG_WARN_OBJC_ROOT_CLASS = YES_ERROR;
				CLANG_WARN_UNREACHABLE_CODE = YES;
				CLANG_WARN__DUPLICATE_METHOD_MATCH = YES;
				"CODE_SIGN_IDENTITY[sdk=iphoneos*]" = "iPhone Developer";
				COPY_PHASE_STRIP = NO;
				ENABLE_STRICT_OBJC_MSGSEND = YES;
				GCC_C_LANGUAGE_STANDARD = gnu99;
				GCC_DYNAMIC_NO_PIC = NO;
				GCC_OPTIMIZATION_LEVEL = 0;
				GCC_PREPROCESSOR_DEFINITIONS = (
					"DEBUG=1",
					"$(inherited)",
				);
				GCC_SYMBOLS_PRIVATE_EXTERN = NO;
				GCC_WARN_64_TO_32_BIT_CONVERSION = YES;
				GCC_WARN_ABOUT_RETURN_TYPE = YES_ERROR;
				GCC_WARN_UNDECLARED_SELECTOR = YES;
				GCC_WARN_UNINITIALIZED_AUTOS = YES_AGGRESSIVE;
				GCC_WARN_UNUSED_FUNCTION = YES;
				GCC_WARN_UNUSED_VARIABLE = YES;
				IPHONEOS_DEPLOYMENT_TARGET = 8.0;
				MTL_ENABLE_DEBUG_INFO = YES;
				ONLY_ACTIVE_ARCH = YES;
				SDKROOT = iphoneos;
				SWIFT_OPTIMIZATION_LEVEL = "-Onone";
			};
			name = Debug;
		};
		C98C0DE519EA062A00D7E2B8 /* Release */ = {
			isa = XCBuildConfiguration;
			buildSettings = {
				ALWAYS_SEARCH_USER_PATHS = NO;
				CLANG_CXX_LANGUAGE_STANDARD = "gnu++0x";
				CLANG_CXX_LIBRARY = "libc++";
				CLANG_ENABLE_MODULES = YES;
				CLANG_ENABLE_OBJC_ARC = YES;
				CLANG_WARN_BOOL_CONVERSION = YES;
				CLANG_WARN_CONSTANT_CONVERSION = YES;
				CLANG_WARN_DIRECT_OBJC_ISA_USAGE = YES_ERROR;
				CLANG_WARN_EMPTY_BODY = YES;
				CLANG_WARN_ENUM_CONVERSION = YES;
				CLANG_WARN_INT_CONVERSION = YES;
				CLANG_WARN_OBJC_ROOT_CLASS = YES_ERROR;
				CLANG_WARN_UNREACHABLE_CODE = YES;
				CLANG_WARN__DUPLICATE_METHOD_MATCH = YES;
				"CODE_SIGN_IDENTITY[sdk=iphoneos*]" = "iPhone Developer";
				COPY_PHASE_STRIP = YES;
				ENABLE_NS_ASSERTIONS = NO;
				ENABLE_STRICT_OBJC_MSGSEND = YES;
				GCC_C_LANGUAGE_STANDARD = gnu99;
				GCC_WARN_64_TO_32_BIT_CONVERSION = YES;
				GCC_WARN_ABOUT_RETURN_TYPE = YES_ERROR;
				GCC_WARN_UNDECLARED_SELECTOR = YES;
				GCC_WARN_UNINITIALIZED_AUTOS = YES_AGGRESSIVE;
				GCC_WARN_UNUSED_FUNCTION = YES;
				GCC_WARN_UNUSED_VARIABLE = YES;
				IPHONEOS_DEPLOYMENT_TARGET = 8.0;
				MTL_ENABLE_DEBUG_INFO = NO;
				SDKROOT = iphoneos;
				VALIDATE_PRODUCT = YES;
			};
			name = Release;
		};
		C98C0DE719EA062A00D7E2B8 /* Debug */ = {
			isa = XCBuildConfiguration;
			buildSettings = {
				ASSETCATALOG_COMPILER_APPICON_NAME = AppIcon;
				INFOPLIST_FILE = "bukkit-swift/Info.plist";
				LD_RUNPATH_SEARCH_PATHS = "$(inherited) @executable_path/Frameworks";
				PRODUCT_NAME = "$(TARGET_NAME)";
			};
			name = Debug;
		};
		C98C0DE819EA062A00D7E2B8 /* Release */ = {
			isa = XCBuildConfiguration;
			buildSettings = {
				ASSETCATALOG_COMPILER_APPICON_NAME = AppIcon;
				INFOPLIST_FILE = "bukkit-swift/Info.plist";
				LD_RUNPATH_SEARCH_PATHS = "$(inherited) @executable_path/Frameworks";
				PRODUCT_NAME = "$(TARGET_NAME)";
			};
			name = Release;
		};
		C98C0DEA19EA062A00D7E2B8 /* Debug */ = {
			isa = XCBuildConfiguration;
			buildSettings = {
				BUNDLE_LOADER = "$(TEST_HOST)";
				FRAMEWORK_SEARCH_PATHS = (
					"$(SDKROOT)/Developer/Library/Frameworks",
					"$(inherited)",
				);
				GCC_PREPROCESSOR_DEFINITIONS = (
					"DEBUG=1",
					"$(inherited)",
				);
				INFOPLIST_FILE = "bukkit-swiftTests/Info.plist";
				LD_RUNPATH_SEARCH_PATHS = "$(inherited) @executable_path/Frameworks @loader_path/Frameworks";
				PRODUCT_NAME = "$(TARGET_NAME)";
				TEST_HOST = "$(BUILT_PRODUCTS_DIR)/bukkit-swift.app/bukkit-swift";
			};
			name = Debug;
		};
		C98C0DEB19EA062A00D7E2B8 /* Release */ = {
			isa = XCBuildConfiguration;
			buildSettings = {
				BUNDLE_LOADER = "$(TEST_HOST)";
				FRAMEWORK_SEARCH_PATHS = (
					"$(SDKROOT)/Developer/Library/Frameworks",
					"$(inherited)",
				);
				INFOPLIST_FILE = "bukkit-swiftTests/Info.plist";
				LD_RUNPATH_SEARCH_PATHS = "$(inherited) @executable_path/Frameworks @loader_path/Frameworks";
				PRODUCT_NAME = "$(TARGET_NAME)";
				TEST_HOST = "$(BUILT_PRODUCTS_DIR)/bukkit-swift.app/bukkit-swift";
			};
			name = Release;
		};
/* End XCBuildConfiguration section */

/* Begin XCConfigurationList section */
		C98C0DC219EA062A00D7E2B8 /* Build configuration list for PBXProject "bukkit-swift" */ = {
			isa = XCConfigurationList;
			buildConfigurations = (
				C98C0DE419EA062A00D7E2B8 /* Debug */,
				C98C0DE519EA062A00D7E2B8 /* Release */,
			);
			defaultConfigurationIsVisible = 0;
			defaultConfigurationName = Release;
		};
		C98C0DE619EA062A00D7E2B8 /* Build configuration list for PBXNativeTarget "bukkit-swift" */ = {
			isa = XCConfigurationList;
			buildConfigurations = (
				C98C0DE719EA062A00D7E2B8 /* Debug */,
				C98C0DE819EA062A00D7E2B8 /* Release */,
			);
			defaultConfigurationIsVisible = 0;
			defaultConfigurationName = Release;
		};
		C98C0DE919EA062A00D7E2B8 /* Build configuration list for PBXNativeTarget "bukkit-swiftTests" */ = {
			isa = XCConfigurationList;
			buildConfigurations = (
				C98C0DEA19EA062A00D7E2B8 /* Debug */,
				C98C0DEB19EA062A00D7E2B8 /* Release */,
			);
			defaultConfigurationIsVisible = 0;
			defaultConfigurationName = Release;
		};
/* End XCConfigurationList section */
	};
	rootObject = C98C0DBF19EA062A00D7E2B8 /* Project object */;
}
